schema: '2.0'
stages:
  preprocess:
    cmd: PYTHONPATH=. python -m src.data_preprocessing.preprocess_spark --params
      conf/preprocess.yaml
    deps:
    - path: conf/preprocess.yaml
      hash: md5
      md5: 080197644b1f98e672a0e212484dd1ff
      size: 161
    - path: data/raw
      hash: md5
      md5: 771bc81b4bb3f96ab410bc6b04e42586.dir
      size: 61194
      nfiles: 1
    - path: src/data_preprocessing/preprocess_spark.py
      hash: md5
      md5: 09c1c31e8b863d4a3cf229be83a9adc8
      size: 1778
      isexec: true
    outs:
    - path: data/processed
      hash: md5
      md5: b9944649326c2070b3eae649c0802dea.dir
      size: 7285
      nfiles: 4
  train:
    cmd: PYTHONPATH=. MLFLOW_TRACKING_URI=http://127.0.0.1:5001 python -m 
      src.training.train_spark_mllib --params conf/train.yaml
    deps:
    - path: conf/train.yaml
      hash: md5
      md5: 78acfb1a9d2c03178bb6db3ec4dbf394
      size: 539
    - path: data/processed
      hash: md5
      md5: b9944649326c2070b3eae649c0802dea.dir
      size: 7285
      nfiles: 4
    - path: src/training/train_spark_mllib.py
      hash: md5
      md5: 2b27dd3de42c56baa67cb95eae83106b
      size: 5807
    outs:
    - path: reports/training
      hash: md5
      md5: 7f5ba80371603a019c053d716dcd6cd6.dir
      size: 406
      nfiles: 4
